
Microsoft Visual Studio Solution File, Format Version 12.00
# Visual Studio Version 17
VisualStudioVersion = 17.4.33213.308
MinimumVisualStudioVersion = 10.0.40219.1
Project("{FAE04EC0-301F-11D3-BF4B-00C04F79EFBC}") = "Mybooks", "Mybooks\Mybooks.csproj", "{BDF95560-5467-4527-91EC-D928A9B71264}"
EndProject
Global
	GlobalSection(SolutionConfigurationPlatforms) = preSolution
		Debug|Any CPU = Debug|Any CPU
		Release|Any CPU = Release|Any CPU
	EndGlobalSection
	GlobalSection(ProjectConfigurationPlatforms) = postSolution
		{BDF95560-5467-4527-91EC-D928A9B71264}.Debug|Any CPU.ActiveCfg = Debug|Any CPU
		{BDF95560-5467-4527-91EC-D928A9B71264}.Debug|Any CPU.Build.0 = Debug|Any CPU
		{BDF95560-5467-4527-91EC-D928A9B71264}.Release|Any CPU.ActiveCfg = Release|Any CPU
		{BDF95560-5467-4527-91EC-D928A9B71264}.Release|Any CPU.Build.0 = Release|Any CPU
	EndGlobalSection
	GlobalSection(SolutionProperties) = preSolution
		HideSolutionNode = FALSE
	EndGlobalSection
	GlobalSection(ExtensibilityGlobals) = postSolution
		SolutionGuid = {DB1FED8B-2D21-4068-9B76-0687B26D7E44}
	EndGlobalSection
EndGlobal
